// !$*UTF8*$!
{
	archiveVersion = 1;
	classes = {
	};
	objectVersion = 55;
	objects = {

/* Begin PBXBuildFile section */
		B021B29E28094C7600A452A8 /* WordsFactoryApp.swift in Sources */ = {isa = PBXBuildFile; fileRef = B021B29D28094C7600A452A8 /* WordsFactoryApp.swift */; };
		B021B2A028094C7600A452A8 /* ContentView.swift in Sources */ = {isa = PBXBuildFile; fileRef = B021B29F28094C7600A452A8 /* ContentView.swift */; };
		B021B2A228094C7700A452A8 /* Assets.xcassets in Resources */ = {isa = PBXBuildFile; fileRef = B021B2A128094C7700A452A8 /* Assets.xcassets */; };
		B021B2A528094C7700A452A8 /* Preview Assets.xcassets in Resources */ = {isa = PBXBuildFile; fileRef = B021B2A428094C7700A452A8 /* Preview Assets.xcassets */; };
		B021B2BA28094DEC00A452A8 /* Rubik-BlackItalic.ttf in Resources */ = {isa = PBXBuildFile; fileRef = B021B2AC28094DEB00A452A8 /* Rubik-BlackItalic.ttf */; };
		B021B2BB28094DEC00A452A8 /* Rubik-MediumItalic.ttf in Resources */ = {isa = PBXBuildFile; fileRef = B021B2AD28094DEB00A452A8 /* Rubik-MediumItalic.ttf */; };
		B021B2BC28094DEC00A452A8 /* Rubik-Italic.ttf in Resources */ = {isa = PBXBuildFile; fileRef = B021B2AE28094DEB00A452A8 /* Rubik-Italic.ttf */; };
		B021B2BD28094DEC00A452A8 /* Rubik-ExtraBoldItalic.ttf in Resources */ = {isa = PBXBuildFile; fileRef = B021B2AF28094DEB00A452A8 /* Rubik-ExtraBoldItalic.ttf */; };
		B021B2BE28094DEC00A452A8 /* Rubik-Bold.ttf in Resources */ = {isa = PBXBuildFile; fileRef = B021B2B028094DEB00A452A8 /* Rubik-Bold.ttf */; };
		B021B2BF28094DEC00A452A8 /* Rubik-Regular.ttf in Resources */ = {isa = PBXBuildFile; fileRef = B021B2B128094DEC00A452A8 /* Rubik-Regular.ttf */; };
		B021B2C028094DEC00A452A8 /* Rubik-SemiBoldItalic.ttf in Resources */ = {isa = PBXBuildFile; fileRef = B021B2B228094DEC00A452A8 /* Rubik-SemiBoldItalic.ttf */; };
		B021B2C128094DEC00A452A8 /* Rubik-SemiBold.ttf in Resources */ = {isa = PBXBuildFile; fileRef = B021B2B328094DEC00A452A8 /* Rubik-SemiBold.ttf */; };
		B021B2C228094DEC00A452A8 /* Rubik-Light.ttf in Resources */ = {isa = PBXBuildFile; fileRef = B021B2B428094DEC00A452A8 /* Rubik-Light.ttf */; };
		B021B2C328094DEC00A452A8 /* Rubik-Black.ttf in Resources */ = {isa = PBXBuildFile; fileRef = B021B2B528094DEC00A452A8 /* Rubik-Black.ttf */; };
		B021B2C428094DEC00A452A8 /* Rubik-ExtraBold.ttf in Resources */ = {isa = PBXBuildFile; fileRef = B021B2B628094DEC00A452A8 /* Rubik-ExtraBold.ttf */; };
		B021B2C528094DEC00A452A8 /* Rubik-BoldItalic.ttf in Resources */ = {isa = PBXBuildFile; fileRef = B021B2B728094DEC00A452A8 /* Rubik-BoldItalic.ttf */; };
		B021B2C628094DEC00A452A8 /* Rubik-LightItalic.ttf in Resources */ = {isa = PBXBuildFile; fileRef = B021B2B828094DEC00A452A8 /* Rubik-LightItalic.ttf */; };
		B021B2C728094DEC00A452A8 /* Rubik-Medium.ttf in Resources */ = {isa = PBXBuildFile; fileRef = B021B2B928094DEC00A452A8 /* Rubik-Medium.ttf */; };
/* End PBXBuildFile section */

/* Begin PBXFileReference section */
		B021B29A28094C7600A452A8 /* WordsFactory.app */ = {isa = PBXFileReference; explicitFileType = wrapper.application; includeInIndex = 0; path = WordsFactory.app; sourceTree = BUILT_PRODUCTS_DIR; };
		B021B29D28094C7600A452A8 /* WordsFactoryApp.swift */ = {isa = PBXFileReference; lastKnownFileType = sourcecode.swift; path = WordsFactoryApp.swift; sourceTree = "<group>"; };
		B021B29F28094C7600A452A8 /* ContentView.swift */ = {isa = PBXFileReference; lastKnownFileType = sourcecode.swift; path = ContentView.swift; sourceTree = "<group>"; };
		B021B2A128094C7700A452A8 /* Assets.xcassets */ = {isa = PBXFileReference; lastKnownFileType = folder.assetcatalog; path = Assets.xcassets; sourceTree = "<group>"; };
		B021B2A428094C7700A452A8 /* Preview Assets.xcassets */ = {isa = PBXFileReference; lastKnownFileType = folder.assetcatalog; path = "Preview Assets.xcassets"; sourceTree = "<group>"; };
		B021B2AB28094C8400A452A8 /* README.md */ = {isa = PBXFileReference; lastKnownFileType = net.daringfireball.markdown; path = README.md; sourceTree = "<group>"; };
		B021B2AC28094DEB00A452A8 /* Rubik-BlackItalic.ttf */ = {isa = PBXFileReference; lastKnownFileType = file; path = "Rubik-BlackItalic.ttf"; sourceTree = "<group>"; };
		B021B2AD28094DEB00A452A8 /* Rubik-MediumItalic.ttf */ = {isa = PBXFileReference; lastKnownFileType = file; path = "Rubik-MediumItalic.ttf"; sourceTree = "<group>"; };
		B021B2AE28094DEB00A452A8 /* Rubik-Italic.ttf */ = {isa = PBXFileReference; lastKnownFileType = file; path = "Rubik-Italic.ttf"; sourceTree = "<group>"; };
		B021B2AF28094DEB00A452A8 /* Rubik-ExtraBoldItalic.ttf */ = {isa = PBXFileReference; lastKnownFileType = file; path = "Rubik-ExtraBoldItalic.ttf"; sourceTree = "<group>"; };
		B021B2B028094DEB00A452A8 /* Rubik-Bold.ttf */ = {isa = PBXFileReference; lastKnownFileType = file; path = "Rubik-Bold.ttf"; sourceTree = "<group>"; };
		B021B2B128094DEC00A452A8 /* Rubik-Regular.ttf */ = {isa = PBXFileReference; lastKnownFileType = file; path = "Rubik-Regular.ttf"; sourceTree = "<group>"; };
		B021B2B228094DEC00A452A8 /* Rubik-SemiBoldItalic.ttf */ = {isa = PBXFileReference; lastKnownFileType = file; path = "Rubik-SemiBoldItalic.ttf"; sourceTree = "<group>"; };
		B021B2B328094DEC00A452A8 /* Rubik-SemiBold.ttf */ = {isa = PBXFileReference; lastKnownFileType = file; path = "Rubik-SemiBold.ttf"; sourceTree = "<group>"; };
		B021B2B428094DEC00A452A8 /* Rubik-Light.ttf */ = {isa = PBXFileReference; lastKnownFileType = file; path = "Rubik-Light.ttf"; sourceTree = "<group>"; };
		B021B2B528094DEC00A452A8 /* Rubik-Black.ttf */ = {isa = PBXFileReference; lastKnownFileType = file; path = "Rubik-Black.ttf"; sourceTree = "<group>"; };
		B021B2B628094DEC00A452A8 /* Rubik-ExtraBold.ttf */ = {isa = PBXFileReference; lastKnownFileType = file; path = "Rubik-ExtraBold.ttf"; sourceTree = "<group>"; };
		B021B2B728094DEC00A452A8 /* Rubik-BoldItalic.ttf */ = {isa = PBXFileReference; lastKnownFileType = file; path = "Rubik-BoldItalic.ttf"; sourceTree = "<group>"; };
		B021B2B828094DEC00A452A8 /* Rubik-LightItalic.ttf */ = {isa = PBXFileReference; lastKnownFileType = file; path = "Rubik-LightItalic.ttf"; sourceTree = "<group>"; };
		B021B2B928094DEC00A452A8 /* Rubik-Medium.ttf */ = {isa = PBXFileReference; lastKnownFileType = file; path = "Rubik-Medium.ttf"; sourceTree = "<group>"; };
		B021B2C9280951BE00A452A8 /* Info.plist */ = {isa = PBXFileReference; lastKnownFileType = text.plist; path = Info.plist; sourceTree = "<group>"; };
/* End PBXFileReference section */

/* Begin PBXFrameworksBuildPhase section */
		B021B29728094C7600A452A8 /* Frameworks */ = {
			isa = PBXFrameworksBuildPhase;
			buildActionMask = 2147483647;
			files = (
			);
			runOnlyForDeploymentPostprocessing = 0;
		};
/* End PBXFrameworksBuildPhase section */

/* Begin PBXGroup section */
		B021B29128094C7600A452A8 = {
			isa = PBXGroup;
			children = (
				B021B2AB28094C8400A452A8 /* README.md */,
				B021B29C28094C7600A452A8 /* WordsFactory */,
				B021B29B28094C7600A452A8 /* Products */,
			);
			sourceTree = "<group>";
		};
		B021B29B28094C7600A452A8 /* Products */ = {
			isa = PBXGroup;
			children = (
				B021B29A28094C7600A452A8 /* WordsFactory.app */,
			);
			name = Products;
			sourceTree = "<group>";
		};
		B021B29C28094C7600A452A8 /* WordsFactory */ = {
			isa = PBXGroup;
			children = (
				B021B29D28094C7600A452A8 /* WordsFactoryApp.swift */,
				B021B29F28094C7600A452A8 /* ContentView.swift */,
				B021B2C82809513B00A452A8 /* Fonts */,
				B021B2A128094C7700A452A8 /* Assets.xcassets */,
				B021B2A328094C7700A452A8 /* Preview Content */,
				B021B2C9280951BE00A452A8 /* Info.plist */,
			);
			path = WordsFactory;
			sourceTree = "<group>";
		};
		B021B2A328094C7700A452A8 /* Preview Content */ = {
			isa = PBXGroup;
			children = (
				B021B2A428094C7700A452A8 /* Preview Assets.xcassets */,
			);
			path = "Preview Content";
			sourceTree = "<group>";
		};
		B021B2C82809513B00A452A8 /* Fonts */ = {
			isa = PBXGroup;
			children = (
				B021B2B528094DEC00A452A8 /* Rubik-Black.ttf */,
				B021B2AC28094DEB00A452A8 /* Rubik-BlackItalic.ttf */,
				B021B2B028094DEB00A452A8 /* Rubik-Bold.ttf */,
				B021B2B728094DEC00A452A8 /* Rubik-BoldItalic.ttf */,
				B021B2B628094DEC00A452A8 /* Rubik-ExtraBold.ttf */,
				B021B2AF28094DEB00A452A8 /* Rubik-ExtraBoldItalic.ttf */,
				B021B2AE28094DEB00A452A8 /* Rubik-Italic.ttf */,
				B021B2B428094DEC00A452A8 /* Rubik-Light.ttf */,
				B021B2B828094DEC00A452A8 /* Rubik-LightItalic.ttf */,
				B021B2B928094DEC00A452A8 /* Rubik-Medium.ttf */,
				B021B2AD28094DEB00A452A8 /* Rubik-MediumItalic.ttf */,
				B021B2B128094DEC00A452A8 /* Rubik-Regular.ttf */,
				B021B2B328094DEC00A452A8 /* Rubik-SemiBold.ttf */,
				B021B2B228094DEC00A452A8 /* Rubik-SemiBoldItalic.ttf */,
			);
			path = Fonts;
			sourceTree = "<group>";
		};
/* End PBXGroup section */

/* Begin PBXNativeTarget section */
		B021B29928094C7600A452A8 /* WordsFactory */ = {
			isa = PBXNativeTarget;
			buildConfigurationList = B021B2A828094C7700A452A8 /* Build configuration list for PBXNativeTarget "WordsFactory" */;
			buildPhases = (
				B021B29628094C7600A452A8 /* Sources */,
				B021B29728094C7600A452A8 /* Frameworks */,
				B021B29828094C7600A452A8 /* Resources */,
			);
			buildRules = (
			);
			dependencies = (
			);
			name = WordsFactory;
			productName = WordsFactory;
			productReference = B021B29A28094C7600A452A8 /* WordsFactory.app */;
			productType = "com.apple.product-type.application";
		};
/* End PBXNativeTarget section */

/* Begin PBXProject section */
		B021B29228094C7600A452A8 /* Project object */ = {
			isa = PBXProject;
			attributes = {
				BuildIndependentTargetsInParallel = 1;
				LastSwiftUpdateCheck = 1330;
				LastUpgradeCheck = 1330;
				TargetAttributes = {
					B021B29928094C7600A452A8 = {
						CreatedOnToolsVersion = 13.3.1;
					};
				};
			};
			buildConfigurationList = B021B29528094C7600A452A8 /* Build configuration list for PBXProject "WordsFactory" */;
			compatibilityVersion = "Xcode 13.0";
			developmentRegion = en;
			hasScannedForEncodings = 0;
			knownRegions = (
				en,
				Base,
			);
			mainGroup = B021B29128094C7600A452A8;
			productRefGroup = B021B29B28094C7600A452A8 /* Products */;
			projectDirPath = "";
			projectRoot = "";
			targets = (
				B021B29928094C7600A452A8 /* WordsFactory */,
			);
		};
/* End PBXProject section */

/* Begin PBXResourcesBuildPhase section */
		B021B29828094C7600A452A8 /* Resources */ = {
			isa = PBXResourcesBuildPhase;
			buildActionMask = 2147483647;
			files = (
				B021B2C028094DEC00A452A8 /* Rubik-SemiBoldItalic.ttf in Resources */,
				B021B2C428094DEC00A452A8 /* Rubik-ExtraBold.ttf in Resources */,
				B021B2BD28094DEC00A452A8 /* Rubik-ExtraBoldItalic.ttf in Resources */,
				B021B2BF28094DEC00A452A8 /* Rubik-Regular.ttf in Resources */,
				B021B2A528094C7700A452A8 /* Preview Assets.xcassets in Resources */,
				B021B2C528094DEC00A452A8 /* Rubik-BoldItalic.ttf in Resources */,
				B021B2C628094DEC00A452A8 /* Rubik-LightItalic.ttf in Resources */,
				B021B2C728094DEC00A452A8 /* Rubik-Medium.ttf in Resources */,
				B021B2BC28094DEC00A452A8 /* Rubik-Italic.ttf in Resources */,
				B021B2A228094C7700A452A8 /* Assets.xcassets in Resources */,
				B021B2C328094DEC00A452A8 /* Rubik-Black.ttf in Resources */,
				B021B2BE28094DEC00A452A8 /* Rubik-Bold.ttf in Resources */,
				B021B2C128094DEC00A452A8 /* Rubik-SemiBold.ttf in Resources */,
				B021B2BA28094DEC00A452A8 /* Rubik-BlackItalic.ttf in Resources */,
				B021B2BB28094DEC00A452A8 /* Rubik-MediumItalic.ttf in Resources */,
				B021B2C228094DEC00A452A8 /* Rubik-Light.ttf in Resources */,
			);
			runOnlyForDeploymentPostprocessing = 0;
		};
/* End PBXResourcesBuildPhase section */

/* Begin PBXSourcesBuildPhase section */
		B021B29628094C7600A452A8 /* Sources */ = {
			isa = PBXSourcesBuildPhase;
			buildActionMask = 2147483647;
			files = (
				B021B2A028094C7600A452A8 /* ContentView.swift in Sources */,
				B021B29E28094C7600A452A8 /* WordsFactoryApp.swift in Sources */,
			);
			runOnlyForDeploymentPostprocessing = 0;
		};
/* End PBXSourcesBuildPhase section */

/* Begin XCBuildConfiguration section */
		B021B2A628094C7700A452A8 /* Debug */ = {
			isa = XCBuildConfiguration;
			buildSettings = {
				ALWAYS_SEARCH_USER_PATHS = NO;
				CLANG_ANALYZER_NONNULL = YES;
				CLANG_ANALYZER_NUMBER_OBJECT_CONVERSION = YES_AGGRESSIVE;
				CLANG_CXX_LANGUAGE_STANDARD = "gnu++17";
				CLANG_ENABLE_MODULES = YES;
				CLANG_ENABLE_OBJC_ARC = YES;
				CLANG_ENABLE_OBJC_WEAK = YES;
				CLANG_WARN_BLOCK_CAPTURE_AUTORELEASING = YES;
				CLANG_WARN_BOOL_CONVERSION = YES;
				CLANG_WARN_COMMA = YES;
				CLANG_WARN_CONSTANT_CONVERSION = YES;
				CLANG_WARN_DEPRECATED_OBJC_IMPLEMENTATIONS = YES;
				CLANG_WARN_DIRECT_OBJC_ISA_USAGE = YES_ERROR;
				CLANG_WARN_DOCUMENTATION_COMMENTS = YES;
				CLANG_WARN_EMPTY_BODY = YES;
				CLANG_WARN_ENUM_CONVERSION = YES;
				CLANG_WARN_INFINITE_RECURSION = YES;
				CLANG_WARN_INT_CONVERSION = YES;
				CLANG_WARN_NON_LITERAL_NULL_CONVERSION = YES;
				CLANG_WARN_OBJC_IMPLICIT_RETAIN_SELF = YES;
				CLANG_WARN_OBJC_LITERAL_CONVERSION = YES;
				CLANG_WARN_OBJC_ROOT_CLASS = YES_ERROR;
				CLANG_WARN_QUOTED_INCLUDE_IN_FRAMEWORK_HEADER = YES;
				CLANG_WARN_RANGE_LOOP_ANALYSIS = YES;
				CLANG_WARN_STRICT_PROTOTYPES = YES;
				CLANG_WARN_SUSPICIOUS_MOVE = YES;
				CLANG_WARN_UNGUARDED_AVAILABILITY = YES_AGGRESSIVE;
				CLANG_WARN_UNREACHABLE_CODE = YES;
				CLANG_WARN__DUPLICATE_METHOD_MATCH = YES;
				COPY_PHASE_STRIP = NO;
				DEBUG_INFORMATION_FORMAT = dwarf;
				ENABLE_STRICT_OBJC_MSGSEND = YES;
				ENABLE_TESTABILITY = YES;
				GCC_C_LANGUAGE_STANDARD = gnu11;
				GCC_DYNAMIC_NO_PIC = NO;
				GCC_NO_COMMON_BLOCKS = YES;
				GCC_OPTIMIZATION_LEVEL = 0;
				GCC_PREPROCESSOR_DEFINITIONS = (
					"DEBUG=1",
					"$(inherited)",
				);
				GCC_WARN_64_TO_32_BIT_CONVERSION = YES;
				GCC_WARN_ABOUT_RETURN_TYPE = YES_ERROR;
				GCC_WARN_UNDECLARED_SELECTOR = YES;
				GCC_WARN_UNINITIALIZED_AUTOS = YES_AGGRESSIVE;
				GCC_WARN_UNUSED_FUNCTION = YES;
				GCC_WARN_UNUSED_VARIABLE = YES;
				IPHONEOS_DEPLOYMENT_TARGET = 15.4;
				MTL_ENABLE_DEBUG_INFO = INCLUDE_SOURCE;
				MTL_FAST_MATH = YES;
				ONLY_ACTIVE_ARCH = YES;
				SDKROOT = iphoneos;
				SWIFT_ACTIVE_COMPILATION_CONDITIONS = DEBUG;
				SWIFT_OPTIMIZATION_LEVEL = "-Onone";
			};
			name = Debug;
		};
		B021B2A728094C7700A452A8 /* Release */ = {
			isa = XCBuildConfiguration;
			buildSettings = {
				ALWAYS_SEARCH_USER_PATHS = NO;
				CLANG_ANALYZER_NONNULL = YES;
				CLANG_ANALYZER_NUMBER_OBJECT_CONVERSION = YES_AGGRESSIVE;
				CLANG_CXX_LANGUAGE_STANDARD = "gnu++17";
				CLANG_ENABLE_MODULES = YES;
				CLANG_ENABLE_OBJC_ARC = YES;
				CLANG_ENABLE_OBJC_WEAK = YES;
				CLANG_WARN_BLOCK_CAPTURE_AUTORELEASING = YES;
				CLANG_WARN_BOOL_CONVERSION = YES;
				CLANG_WARN_COMMA = YES;
				CLANG_WARN_CONSTANT_CONVERSION = YES;
				CLANG_WARN_DEPRECATED_OBJC_IMPLEMENTATIONS = YES;
				CLANG_WARN_DIRECT_OBJC_ISA_USAGE = YES_ERROR;
				CLANG_WARN_DOCUMENTATION_COMMENTS = YES;
				CLANG_WARN_EMPTY_BODY = YES;
				CLANG_WARN_ENUM_CONVERSION = YES;
				CLANG_WARN_INFINITE_RECURSION = YES;
				CLANG_WARN_INT_CONVERSION = YES;
				CLANG_WARN_NON_LITERAL_NULL_CONVERSION = YES;
				CLANG_WARN_OBJC_IMPLICIT_RETAIN_SELF = YES;
				CLANG_WARN_OBJC_LITERAL_CONVERSION = YES;
				CLANG_WARN_OBJC_ROOT_CLASS = YES_ERROR;
				CLANG_WARN_QUOTED_INCLUDE_IN_FRAMEWORK_HEADER = YES;
				CLANG_WARN_RANGE_LOOP_ANALYSIS = YES;
				CLANG_WARN_STRICT_PROTOTYPES = YES;
				CLANG_WARN_SUSPICIOUS_MOVE = YES;
				CLANG_WARN_UNGUARDED_AVAILABILITY = YES_AGGRESSIVE;
				CLANG_WARN_UNREACHABLE_CODE = YES;
				CLANG_WARN__DUPLICATE_METHOD_MATCH = YES;
				COPY_PHASE_STRIP = NO;
				DEBUG_INFORMATION_FORMAT = "dwarf-with-dsym";
				ENABLE_NS_ASSERTIONS = NO;
				ENABLE_STRICT_OBJC_MSGSEND = YES;
				GCC_C_LANGUAGE_STANDARD = gnu11;
				GCC_NO_COMMON_BLOCKS = YES;
				GCC_WARN_64_TO_32_BIT_CONVERSION = YES;
				GCC_WARN_ABOUT_RETURN_TYPE = YES_ERROR;
				GCC_WARN_UNDECLARED_SELECTOR = YES;
				GCC_WARN_UNINITIALIZED_AUTOS = YES_AGGRESSIVE;
				GCC_WARN_UNUSED_FUNCTION = YES;
				GCC_WARN_UNUSED_VARIABLE = YES;
				IPHONEOS_DEPLOYMENT_TARGET = 15.4;
				MTL_ENABLE_DEBUG_INFO = NO;
				MTL_FAST_MATH = YES;
				SDKROOT = iphoneos;
				SWIFT_COMPILATION_MODE = wholemodule;
				SWIFT_OPTIMIZATION_LEVEL = "-O";
				VALIDATE_PRODUCT = YES;
			};
			name = Release;
		};
		B021B2A928094C7700A452A8 /* Debug */ = {
			isa = XCBuildConfiguration;
			buildSettings = {
				ASSETCATALOG_COMPILER_APPICON_NAME = AppIcon;
				ASSETCATALOG_COMPILER_GLOBAL_ACCENT_COLOR_NAME = AccentColor;
				CODE_SIGN_STYLE = Automatic;
				CURRENT_PROJECT_VERSION = 1;
				DEVELOPMENT_ASSET_PATHS = "\"WordsFactory/Preview Content\"";
				DEVELOPMENT_TEAM = F4UY8YURNN;
				ENABLE_PREVIEWS = YES;
				GENERATE_INFOPLIST_FILE = YES;
				INFOPLIST_FILE = WordsFactory/Info.plist;
				INFOPLIST_KEY_UIApplicationSceneManifest_Generation = YES;
				INFOPLIST_KEY_UIApplicationSupportsIndirectInputEvents = YES;
				INFOPLIST_KEY_UILaunchScreen_Generation = YES;
				INFOPLIST_KEY_UISupportedInterfaceOrientations_iPad = "UIInterfaceOrientationPortrait UIInterfaceOrientationPortraitUpsideDown UIInterfaceOrientationLandscapeLeft UIInterfaceOrientationLandscapeRight";
				INFOPLIST_KEY_UISupportedInterfaceOrientations_iPhone = "UIInterfaceOrientationPortrait UIInterfaceOrientationLandscapeLeft UIInterfaceOrientationLandscapeRight";
				LD_RUNPATH_SEARCH_PATHS = (
					"$(inherited)",
					"@executable_path/Frameworks",
				);
				MARKETING_VERSION = 1.0;
				PRODUCT_BUNDLE_IDENTIFIER = com.StevenWijaya.WordsFactory;
				PRODUCT_NAME = "$(TARGET_NAME)";
				SWIFT_EMIT_LOC_STRINGS = YES;
				SWIFT_VERSION = 5.0;
				TARGETED_DEVICE_FAMILY = "1,2";
			};
			name = Debug;
		};
		B021B2AA28094C7700A452A8 /* Release */ = {
			isa = XCBuildConfiguration;
			buildSettings = {
				ASSETCATALOG_COMPILER_APPICON_NAME = AppIcon;
				ASSETCATALOG_COMPILER_GLOBAL_ACCENT_COLOR_NAME = AccentColor;
				CODE_SIGN_STYLE = Automatic;
				CURRENT_PROJECT_VERSION = 1;
				DEVELOPMENT_ASSET_PATHS = "\"WordsFactory/Preview Content\"";
				DEVELOPMENT_TEAM = F4UY8YURNN;
				ENABLE_PREVIEWS = YES;
				GENERATE_INFOPLIST_FILE = YES;
				INFOPLIST_FILE = WordsFactory/Info.plist;
				INFOPLIST_KEY_UIApplicationSceneManifest_Generation = YES;
				INFOPLIST_KEY_UIApplicationSupportsIndirectInputEvents = YES;
				INFOPLIST_KEY_UILaunchScreen_Generation = YES;
				INFOPLIST_KEY_UISupportedInterfaceOrientations_iPad = "UIInterfaceOrientationPortrait UIInterfaceOrientationPortraitUpsideDown UIInterfaceOrientationLandscapeLeft UIInterfaceOrientationLandscapeRight";
				INFOPLIST_KEY_UISupportedInterfaceOrientations_iPhone = "UIInterfaceOrientationPortrait UIInterfaceOrientationLandscapeLeft UIInterfaceOrientationLandscapeRight";
				LD_RUNPATH_SEARCH_PATHS = (
					"$(inherited)",
					"@executable_path/Frameworks",
				);
				MARKETING_VERSION = 1.0;
				PRODUCT_BUNDLE_IDENTIFIER = com.StevenWijaya.WordsFactory;
				PRODUCT_NAME = "$(TARGET_NAME)";
				SWIFT_EMIT_LOC_STRINGS = YES;
				SWIFT_VERSION = 5.0;
				TARGETED_DEVICE_FAMILY = "1,2";
			};
			name = Release;
		};
/* End XCBuildConfiguration section */

/* Begin XCConfigurationList section */
		B021B29528094C7600A452A8 /* Build configuration list for PBXProject "WordsFactory" */ = {
			isa = XCConfigurationList;
			buildConfigurations = (
				B021B2A628094C7700A452A8 /* Debug */,
				B021B2A728094C7700A452A8 /* Release */,
			);
			defaultConfigurationIsVisible = 0;
			defaultConfigurationName = Release;
		};
		B021B2A828094C7700A452A8 /* Build configuration list for PBXNativeTarget "WordsFactory" */ = {
			isa = XCConfigurationList;
			buildConfigurations = (
				B021B2A928094C7700A452A8 /* Debug */,
				B021B2AA28094C7700A452A8 /* Release */,
			);
			defaultConfigurationIsVisible = 0;
			defaultConfigurationName = Release;
		};
/* End XCConfigurationList section */
	};
	rootObject = B021B29228094C7600A452A8 /* Project object */;
}
